
Microsoft Visual Studio Solution File, Format Version 12.00
# Visual Studio Version 17
VisualStudioVersion = 17.13.35931.197 d17.13
MinimumVisualStudioVersion = 10.0.40219.1
Project("{FAE04EC0-301F-11D3-BF4B-00C04F79EFBC}") = "Sivsivadze", "Sivsivadze\Sivsivadze.csproj", "{814C0A9F-C7F3-4C3A-9C9C-3C3DA44720E2}"
EndProject
Project("{FAE04EC0-301F-11D3-BF4B-00C04F79EFBC}") = "Sivsivadze.Domain", "Sivsivadze.Domain\Sivsivadze.Domain.csproj", "{DDC81689-9CD6-49AA-8E19-3429DD08CF87}"
EndProject
Global
	GlobalSection(SolutionConfigurationPlatforms) = preSolution
		Debug|Any CPU = Debug|Any CPU
		Release|Any CPU = Release|Any CPU
	EndGlobalSection
	GlobalSection(ProjectConfigurationPlatforms) = postSolution
		{814C0A9F-C7F3-4C3A-9C9C-3C3DA44720E2}.Debug|Any CPU.ActiveCfg = Debug|Any CPU
		{814C0A9F-C7F3-4C3A-9C9C-3C3DA44720E2}.Debug|Any CPU.Build.0 = Debug|Any CPU
		{814C0A9F-C7F3-4C3A-9C9C-3C3DA44720E2}.Release|Any CPU.ActiveCfg = Release|Any CPU
		{814C0A9F-C7F3-4C3A-9C9C-3C3DA44720E2}.Release|Any CPU.Build.0 = Release|Any CPU
		{DDC81689-9CD6-49AA-8E19-3429DD08CF87}.Debug|Any CPU.ActiveCfg = Debug|Any CPU
		{DDC81689-9CD6-49AA-8E19-3429DD08CF87}.Debug|Any CPU.Build.0 = Debug|Any CPU
		{DDC81689-9CD6-49AA-8E19-3429DD08CF87}.Release|Any CPU.ActiveCfg = Release|Any CPU
		{DDC81689-9CD6-49AA-8E19-3429DD08CF87}.Release|Any CPU.Build.0 = Release|Any CPU
	EndGlobalSection
	GlobalSection(SolutionProperties) = preSolution
		HideSolutionNode = FALSE
	EndGlobalSection
	GlobalSection(ExtensibilityGlobals) = postSolution
		SolutionGuid = {DA7C39EC-5B52-430B-B1E6-3AEED36B8CA1}
	EndGlobalSection
EndGlobal
